
Microsoft Visual Studio Solution File, Format Version 12.00
# Visual Studio Version 16
VisualStudioVersion = 16.0.30330.147
MinimumVisualStudioVersion = 10.0.40219.1
Project("{FAE04EC0-301F-11D3-BF4B-00C04F79EFBC}") = "CSH1_Tag1_Aufgabe_00", "CSH1_Tag1_Aufgabe_00\CSH1_Tag1_Aufgabe_00.csproj", "{4412C197-B005-4B6D-A25B-F224F08753F2}"
EndProject
Global
	GlobalSection(SolutionConfigurationPlatforms) = preSolution
		Debug|Any CPU = Debug|Any CPU
		Release|Any CPU = Release|Any CPU
	EndGlobalSection
	GlobalSection(ProjectConfigurationPlatforms) = postSolution
		{4412C197-B005-4B6D-A25B-F224F08753F2}.Debug|Any CPU.ActiveCfg = Debug|Any CPU
		{4412C197-B005-4B6D-A25B-F224F08753F2}.Debug|Any CPU.Build.0 = Debug|Any CPU
		{4412C197-B005-4B6D-A25B-F224F08753F2}.Release|Any CPU.ActiveCfg = Release|Any CPU
		{4412C197-B005-4B6D-A25B-F224F08753F2}.Release|Any CPU.Build.0 = Release|Any CPU
	EndGlobalSection
	GlobalSection(SolutionProperties) = preSolution
		HideSolutionNode = FALSE
	EndGlobalSection
	GlobalSection(ExtensibilityGlobals) = postSolution
		SolutionGuid = {C7A341EB-1BB4-4A9F-A2A0-9CDB0098B5A8}
	EndGlobalSection
EndGlobal
